
Microsoft Visual Studio Solution File, Format Version 12.00
# Visual Studio Version 17
VisualStudioVersion = 17.4.33213.308
MinimumVisualStudioVersion = 10.0.40219.1
Project("{FAE04EC0-301F-11D3-BF4B-00C04F79EFBC}") = "API_TASK2", "API_TASK2.csproj", "{DB085FDE-4A7D-40E4-893E-7435EF39AA6D}"
EndProject
Global
	GlobalSection(SolutionConfigurationPlatforms) = preSolution
		Debug|Any CPU = Debug|Any CPU
		Release|Any CPU = Release|Any CPU
	EndGlobalSection
	GlobalSection(ProjectConfigurationPlatforms) = postSolution
		{DB085FDE-4A7D-40E4-893E-7435EF39AA6D}.Debug|Any CPU.ActiveCfg = Debug|Any CPU
		{DB085FDE-4A7D-40E4-893E-7435EF39AA6D}.Debug|Any CPU.Build.0 = Debug|Any CPU
		{DB085FDE-4A7D-40E4-893E-7435EF39AA6D}.Release|Any CPU.ActiveCfg = Release|Any CPU
		{DB085FDE-4A7D-40E4-893E-7435EF39AA6D}.Release|Any CPU.Build.0 = Release|Any CPU
	EndGlobalSection
	GlobalSection(SolutionProperties) = preSolution
		HideSolutionNode = FALSE
	EndGlobalSection
	GlobalSection(ExtensibilityGlobals) = postSolution
		SolutionGuid = {F3AB7BCD-B2C6-4C9B-8293-825CF245C4CC}
	EndGlobalSection
EndGlobal
